
Microsoft Visual Studio Solution File, Format Version 12.00
# Visual Studio Version 16
VisualStudioVersion = 16.0.30002.166
MinimumVisualStudioVersion = 10.0.40219.1
Project("{FAE04EC0-301F-11D3-BF4B-00C04F79EFBC}") = "Project Management App 2", "Project Management App 2\Project Management App 2.csproj", "{7CAA576F-79C5-466F-A1F2-2E301E5F32F6}"
EndProject
Global
	GlobalSection(SolutionConfigurationPlatforms) = preSolution
		Debug|Any CPU = Debug|Any CPU
		Release|Any CPU = Release|Any CPU
	EndGlobalSection
	GlobalSection(ProjectConfigurationPlatforms) = postSolution
		{7CAA576F-79C5-466F-A1F2-2E301E5F32F6}.Debug|Any CPU.ActiveCfg = Debug|Any CPU
		{7CAA576F-79C5-466F-A1F2-2E301E5F32F6}.Debug|Any CPU.Build.0 = Debug|Any CPU
		{7CAA576F-79C5-466F-A1F2-2E301E5F32F6}.Release|Any CPU.ActiveCfg = Release|Any CPU
		{7CAA576F-79C5-466F-A1F2-2E301E5F32F6}.Release|Any CPU.Build.0 = Release|Any CPU
	EndGlobalSection
	GlobalSection(SolutionProperties) = preSolution
		HideSolutionNode = FALSE
	EndGlobalSection
	GlobalSection(ExtensibilityGlobals) = postSolution
		SolutionGuid = {7A64767A-FA21-468E-8C0B-9022500B8140}
	EndGlobalSection
EndGlobal
